// !$*UTF8*$!
{
	archiveVersion = 1;
	classes = {
	};
	objectVersion = 48;
	objects = {

/* Begin PBXBuildFile section */
		588BF503202B9141004DCD70 /* AppDelegate.m in Sources */ = {isa = PBXBuildFile; fileRef = 588BF502202B9141004DCD70 /* AppDelegate.m */; };
		588BF509202B9141004DCD70 /* Main.storyboard in Resources */ = {isa = PBXBuildFile; fileRef = 588BF507202B9141004DCD70 /* Main.storyboard */; };
		588BF50B202B9141004DCD70 /* Assets.xcassets in Resources */ = {isa = PBXBuildFile; fileRef = 588BF50A202B9141004DCD70 /* Assets.xcassets */; };
		588BF50E202B9141004DCD70 /* LaunchScreen.storyboard in Resources */ = {isa = PBXBuildFile; fileRef = 588BF50C202B9141004DCD70 /* LaunchScreen.storyboard */; };
		588BF511202B9141004DCD70 /* main.m in Sources */ = {isa = PBXBuildFile; fileRef = 588BF510202B9141004DCD70 /* main.m */; };
		588BF51C202B955B004DCD70 /* DetailViewController.m in Sources */ = {isa = PBXBuildFile; fileRef = 588BF51B202B955B004DCD70 /* DetailViewController.m */; };
		588BF51F202B996B004DCD70 /* Quote.m in Sources */ = {isa = PBXBuildFile; fileRef = 588BF51E202B996B004DCD70 /* Quote.m */; };
		588BF522202B9E20004DCD70 /* QuoteTableViewCell.m in Sources */ = {isa = PBXBuildFile; fileRef = 588BF521202B9E20004DCD70 /* QuoteTableViewCell.m */; };
		647673100B55DB67CAC8AB56 /* libPods-QuoteGenerator.a in Frameworks */ = {isa = PBXBuildFile; fileRef = A104C05BC046EA73ECCF1368 /* libPods-QuoteGenerator.a */; };
		916A16E6202CD82B00B2745C /* QuoteView.m in Sources */ = {isa = PBXBuildFile; fileRef = 916A16E5202CD82B00B2745C /* QuoteView.m */; };
		916A16E8202CD83700B2745C /* QuoteView.xib in Resources */ = {isa = PBXBuildFile; fileRef = 916A16E7202CD83700B2745C /* QuoteView.xib */; };
		916A16EB202CDD5A00B2745C /* NetworkManager.m in Sources */ = {isa = PBXBuildFile; fileRef = 916A16EA202CDD5A00B2745C /* NetworkManager.m */; };
		91F00AC7202BACDF00C43BC6 /* MasterViewController.m in Sources */ = {isa = PBXBuildFile; fileRef = 91F00AC6202BACDF00C43BC6 /* MasterViewController.m */; };
/* End PBXBuildFile section */

/* Begin PBXFileReference section */
		3DF8F1A4C6E6C4CA8C1EA7F4 /* Pods-QuoteGenerator.release.xcconfig */ = {isa = PBXFileReference; includeInIndex = 1; lastKnownFileType = text.xcconfig; name = "Pods-QuoteGenerator.release.xcconfig"; path = "Pods/Target Support Files/Pods-QuoteGenerator/Pods-QuoteGenerator.release.xcconfig"; sourceTree = "<group>"; };
		4FB219ED1DCD6AB6FC4BA606 /* Pods-QuoteGenerator.debug.xcconfig */ = {isa = PBXFileReference; includeInIndex = 1; lastKnownFileType = text.xcconfig; name = "Pods-QuoteGenerator.debug.xcconfig"; path = "Pods/Target Support Files/Pods-QuoteGenerator/Pods-QuoteGenerator.debug.xcconfig"; sourceTree = "<group>"; };
		588BF4FE202B9141004DCD70 /* QuoteGenerator.app */ = {isa = PBXFileReference; explicitFileType = wrapper.application; includeInIndex = 0; path = QuoteGenerator.app; sourceTree = BUILT_PRODUCTS_DIR; };
		588BF501202B9141004DCD70 /* AppDelegate.h */ = {isa = PBXFileReference; lastKnownFileType = sourcecode.c.h; path = AppDelegate.h; sourceTree = "<group>"; };
		588BF502202B9141004DCD70 /* AppDelegate.m */ = {isa = PBXFileReference; lastKnownFileType = sourcecode.c.objc; path = AppDelegate.m; sourceTree = "<group>"; };
		588BF508202B9141004DCD70 /* Base */ = {isa = PBXFileReference; lastKnownFileType = file.storyboard; name = Base; path = Base.lproj/Main.storyboard; sourceTree = "<group>"; };
		588BF50A202B9141004DCD70 /* Assets.xcassets */ = {isa = PBXFileReference; lastKnownFileType = folder.assetcatalog; path = Assets.xcassets; sourceTree = "<group>"; };
		588BF50D202B9141004DCD70 /* Base */ = {isa = PBXFileReference; lastKnownFileType = file.storyboard; name = Base; path = Base.lproj/LaunchScreen.storyboard; sourceTree = "<group>"; };
		588BF50F202B9141004DCD70 /* Info.plist */ = {isa = PBXFileReference; lastKnownFileType = text.plist.xml; path = Info.plist; sourceTree = "<group>"; };
		588BF510202B9141004DCD70 /* main.m */ = {isa = PBXFileReference; lastKnownFileType = sourcecode.c.objc; path = main.m; sourceTree = "<group>"; };
		588BF51A202B955B004DCD70 /* DetailViewController.h */ = {isa = PBXFileReference; lastKnownFileType = sourcecode.c.h; path = DetailViewController.h; sourceTree = "<group>"; };
		588BF51B202B955B004DCD70 /* DetailViewController.m */ = {isa = PBXFileReference; lastKnownFileType = sourcecode.c.objc; path = DetailViewController.m; sourceTree = "<group>"; };
		588BF51D202B996B004DCD70 /* Quote.h */ = {isa = PBXFileReference; lastKnownFileType = sourcecode.c.h; path = Quote.h; sourceTree = "<group>"; };
		588BF51E202B996B004DCD70 /* Quote.m */ = {isa = PBXFileReference; lastKnownFileType = sourcecode.c.objc; path = Quote.m; sourceTree = "<group>"; };
		588BF520202B9E20004DCD70 /* QuoteTableViewCell.h */ = {isa = PBXFileReference; lastKnownFileType = sourcecode.c.h; path = QuoteTableViewCell.h; sourceTree = "<group>"; };
		588BF521202B9E20004DCD70 /* QuoteTableViewCell.m */ = {isa = PBXFileReference; lastKnownFileType = sourcecode.c.objc; path = QuoteTableViewCell.m; sourceTree = "<group>"; };
		916A16E4202CD82B00B2745C /* QuoteView.h */ = {isa = PBXFileReference; lastKnownFileType = sourcecode.c.h; path = QuoteView.h; sourceTree = "<group>"; };
		916A16E5202CD82B00B2745C /* QuoteView.m */ = {isa = PBXFileReference; lastKnownFileType = sourcecode.c.objc; path = QuoteView.m; sourceTree = "<group>"; };
		916A16E7202CD83700B2745C /* QuoteView.xib */ = {isa = PBXFileReference; lastKnownFileType = file.xib; path = QuoteView.xib; sourceTree = "<group>"; };
		916A16E9202CDD5A00B2745C /* NetworkManager.h */ = {isa = PBXFileReference; lastKnownFileType = sourcecode.c.h; path = NetworkManager.h; sourceTree = "<group>"; };
		916A16EA202CDD5A00B2745C /* NetworkManager.m */ = {isa = PBXFileReference; lastKnownFileType = sourcecode.c.objc; path = NetworkManager.m; sourceTree = "<group>"; };
		91F00AC5202BACDF00C43BC6 /* MasterViewController.h */ = {isa = PBXFileReference; lastKnownFileType = sourcecode.c.h; path = MasterViewController.h; sourceTree = "<group>"; };
		91F00AC6202BACDF00C43BC6 /* MasterViewController.m */ = {isa = PBXFileReference; lastKnownFileType = sourcecode.c.objc; path = MasterViewController.m; sourceTree = "<group>"; };
		A104C05BC046EA73ECCF1368 /* libPods-QuoteGenerator.a */ = {isa = PBXFileReference; explicitFileType = archive.ar; includeInIndex = 0; path = "libPods-QuoteGenerator.a"; sourceTree = BUILT_PRODUCTS_DIR; };
/* End PBXFileReference section */

/* Begin PBXFrameworksBuildPhase section */
		588BF4FB202B9141004DCD70 /* Frameworks */ = {
			isa = PBXFrameworksBuildPhase;
			buildActionMask = 2147483647;
			files = (
				647673100B55DB67CAC8AB56 /* libPods-QuoteGenerator.a in Frameworks */,
			);
			runOnlyForDeploymentPostprocessing = 0;
		};
/* End PBXFrameworksBuildPhase section */

/* Begin PBXGroup section */
		02B7DF3D41C0A3236CA035DF /* Pods */ = {
			isa = PBXGroup;
			children = (
				4FB219ED1DCD6AB6FC4BA606 /* Pods-QuoteGenerator.debug.xcconfig */,
				3DF8F1A4C6E6C4CA8C1EA7F4 /* Pods-QuoteGenerator.release.xcconfig */,
			);
			name = Pods;
			sourceTree = "<group>";
		};
		588BF4F5202B9141004DCD70 = {
			isa = PBXGroup;
			children = (
				588BF500202B9141004DCD70 /* QuoteGenerator */,
				588BF4FF202B9141004DCD70 /* Products */,
				02B7DF3D41C0A3236CA035DF /* Pods */,
				C674AE3C4856FB0428607BC6 /* Frameworks */,
			);
			sourceTree = "<group>";
		};
		588BF4FF202B9141004DCD70 /* Products */ = {
			isa = PBXGroup;
			children = (
				588BF4FE202B9141004DCD70 /* QuoteGenerator.app */,
			);
			name = Products;
			sourceTree = "<group>";
		};
		588BF500202B9141004DCD70 /* QuoteGenerator */ = {
			isa = PBXGroup;
			children = (
				588BF501202B9141004DCD70 /* AppDelegate.h */,
				588BF502202B9141004DCD70 /* AppDelegate.m */,
				588BF507202B9141004DCD70 /* Main.storyboard */,
				91F00AC5202BACDF00C43BC6 /* MasterViewController.h */,
				91F00AC6202BACDF00C43BC6 /* MasterViewController.m */,
				916A16E9202CDD5A00B2745C /* NetworkManager.h */,
				916A16EA202CDD5A00B2745C /* NetworkManager.m */,
				588BF520202B9E20004DCD70 /* QuoteTableViewCell.h */,
				588BF521202B9E20004DCD70 /* QuoteTableViewCell.m */,
				588BF51D202B996B004DCD70 /* Quote.h */,
				588BF51E202B996B004DCD70 /* Quote.m */,
				588BF51A202B955B004DCD70 /* DetailViewController.h */,
				588BF51B202B955B004DCD70 /* DetailViewController.m */,
				588BF50A202B9141004DCD70 /* Assets.xcassets */,
				588BF50C202B9141004DCD70 /* LaunchScreen.storyboard */,
				588BF50F202B9141004DCD70 /* Info.plist */,
				588BF510202B9141004DCD70 /* main.m */,
				916A16E4202CD82B00B2745C /* QuoteView.h */,
				916A16E5202CD82B00B2745C /* QuoteView.m */,
				916A16E7202CD83700B2745C /* QuoteView.xib */,
			);
			path = QuoteGenerator;
			sourceTree = "<group>";
		};
		C674AE3C4856FB0428607BC6 /* Frameworks */ = {
			isa = PBXGroup;
			children = (
				A104C05BC046EA73ECCF1368 /* libPods-QuoteGenerator.a */,
			);
			name = Frameworks;
			sourceTree = "<group>";
		};
/* End PBXGroup section */

/* Begin PBXNativeTarget section */
		588BF4FD202B9141004DCD70 /* QuoteGenerator */ = {
			isa = PBXNativeTarget;
			buildConfigurationList = 588BF514202B9141004DCD70 /* Build configuration list for PBXNativeTarget "QuoteGenerator" */;
			buildPhases = (
				2E945D1A4B5DF75A5FE4FC70 /* [CP] Check Pods Manifest.lock */,
				588BF4FA202B9141004DCD70 /* Sources */,
				588BF4FB202B9141004DCD70 /* Frameworks */,
				588BF4FC202B9141004DCD70 /* Resources */,
				3A2737090031E4B318D0DE44 /* [CP] Embed Pods Frameworks */,
				419DA6C923731CCDFD989084 /* [CP] Copy Pods Resources */,
			);
			buildRules = (
			);
			dependencies = (
			);
			name = QuoteGenerator;
			productName = QuoteGenerator;
			productReference = 588BF4FE202B9141004DCD70 /* QuoteGenerator.app */;
			productType = "com.apple.product-type.application";
		};
/* End PBXNativeTarget section */

/* Begin PBXProject section */
		588BF4F6202B9141004DCD70 /* Project object */ = {
			isa = PBXProject;
			attributes = {
				LastUpgradeCheck = 0920;
				ORGANIZATIONNAME = "Eric Gregor";
				TargetAttributes = {
					588BF4FD202B9141004DCD70 = {
						CreatedOnToolsVersion = 9.2;
						ProvisioningStyle = Automatic;
					};
				};
			};
			buildConfigurationList = 588BF4F9202B9141004DCD70 /* Build configuration list for PBXProject "QuoteGenerator" */;
			compatibilityVersion = "Xcode 8.0";
			developmentRegion = en;
			hasScannedForEncodings = 0;
			knownRegions = (
				en,
				Base,
			);
			mainGroup = 588BF4F5202B9141004DCD70;
			productRefGroup = 588BF4FF202B9141004DCD70 /* Products */;
			projectDirPath = "";
			projectRoot = "";
			targets = (
				588BF4FD202B9141004DCD70 /* QuoteGenerator */,
			);
		};
/* End PBXProject section */

/* Begin PBXResourcesBuildPhase section */
		588BF4FC202B9141004DCD70 /* Resources */ = {
			isa = PBXResourcesBuildPhase;
			buildActionMask = 2147483647;
			files = (
				588BF50E202B9141004DCD70 /* LaunchScreen.storyboard in Resources */,
				588BF50B202B9141004DCD70 /* Assets.xcassets in Resources */,
				588BF509202B9141004DCD70 /* Main.storyboard in Resources */,
				916A16E8202CD83700B2745C /* QuoteView.xib in Resources */,
			);
			runOnlyForDeploymentPostprocessing = 0;
		};
/* End PBXResourcesBuildPhase section */

/* Begin PBXShellScriptBuildPhase section */
		2E945D1A4B5DF75A5FE4FC70 /* [CP] Check Pods Manifest.lock */ = {
			isa = PBXShellScriptBuildPhase;
			buildActionMask = 2147483647;
			files = (
			);
			inputPaths = (
				"${PODS_PODFILE_DIR_PATH}/Podfile.lock",
				"${PODS_ROOT}/Manifest.lock",
			);
			name = "[CP] Check Pods Manifest.lock";
			outputPaths = (
				"$(DERIVED_FILE_DIR)/Pods-QuoteGenerator-checkManifestLockResult.txt",
			);
			runOnlyForDeploymentPostprocessing = 0;
			shellPath = /bin/sh;
			shellScript = "diff \"${PODS_PODFILE_DIR_PATH}/Podfile.lock\" \"${PODS_ROOT}/Manifest.lock\" > /dev/null\nif [ $? != 0 ] ; then\n    # print error to STDERR\n    echo \"error: The sandbox is not in sync with the Podfile.lock. Run 'pod install' or update your CocoaPods installation.\" >&2\n    exit 1\nfi\n# This output is used by Xcode 'outputs' to avoid re-running this script phase.\necho \"SUCCESS\" > \"${SCRIPT_OUTPUT_FILE_0}\"\n";
			showEnvVarsInLog = 0;
		};
		3A2737090031E4B318D0DE44 /* [CP] Embed Pods Frameworks */ = {
			isa = PBXShellScriptBuildPhase;
			buildActionMask = 2147483647;
			files = (
			);
			inputPaths = (
			);
			name = "[CP] Embed Pods Frameworks";
			outputPaths = (
			);
			runOnlyForDeploymentPostprocessing = 0;
			shellPath = /bin/sh;
			shellScript = "\"${SRCROOT}/Pods/Target Support Files/Pods-QuoteGenerator/Pods-QuoteGenerator-frameworks.sh\"\n";
			showEnvVarsInLog = 0;
		};
		419DA6C923731CCDFD989084 /* [CP] Copy Pods Resources */ = {
			isa = PBXShellScriptBuildPhase;
			buildActionMask = 2147483647;
			files = (
			);
			inputPaths = (
			);
			name = "[CP] Copy Pods Resources";
			outputPaths = (
			);
			runOnlyForDeploymentPostprocessing = 0;
			shellPath = /bin/sh;
			shellScript = "\"${SRCROOT}/Pods/Target Support Files/Pods-QuoteGenerator/Pods-QuoteGenerator-resources.sh\"\n";
			showEnvVarsInLog = 0;
		};
/* End PBXShellScriptBuildPhase section */

/* Begin PBXSourcesBuildPhase section */
		588BF4FA202B9141004DCD70 /* Sources */ = {
			isa = PBXSourcesBuildPhase;
			buildActionMask = 2147483647;
			files = (
				588BF511202B9141004DCD70 /* main.m in Sources */,
				588BF503202B9141004DCD70 /* AppDelegate.m in Sources */,
				588BF51F202B996B004DCD70 /* Quote.m in Sources */,
				588BF522202B9E20004DCD70 /* QuoteTableViewCell.m in Sources */,
				588BF51C202B955B004DCD70 /* DetailViewController.m in Sources */,
				91F00AC7202BACDF00C43BC6 /* MasterViewController.m in Sources */,
				916A16EB202CDD5A00B2745C /* NetworkManager.m in Sources */,
				916A16E6202CD82B00B2745C /* QuoteView.m in Sources */,
			);
			runOnlyForDeploymentPostprocessing = 0;
		};
/* End PBXSourcesBuildPhase section */

/* Begin PBXVariantGroup section */
		588BF507202B9141004DCD70 /* Main.storyboard */ = {
			isa = PBXVariantGroup;
			children = (
				588BF508202B9141004DCD70 /* Base */,
			);
			name = Main.storyboard;
			sourceTree = "<group>";
		};
		588BF50C202B9141004DCD70 /* LaunchScreen.storyboard */ = {
			isa = PBXVariantGroup;
			children = (
				588BF50D202B9141004DCD70 /* Base */,
			);
			name = LaunchScreen.storyboard;
			sourceTree = "<group>";
		};
/* End PBXVariantGroup section */

/* Begin XCBuildConfiguration section */
		588BF512202B9141004DCD70 /* Debug */ = {
			isa = XCBuildConfiguration;
			buildSettings = {
				ALWAYS_SEARCH_USER_PATHS = NO;
				CLANG_ANALYZER_NONNULL = YES;
				CLANG_ANALYZER_NUMBER_OBJECT_CONVERSION = YES_AGGRESSIVE;
				CLANG_CXX_LANGUAGE_STANDARD = "gnu++14";
				CLANG_CXX_LIBRARY = "libc++";
				CLANG_ENABLE_MODULES = YES;
				CLANG_ENABLE_OBJC_ARC = YES;
				CLANG_WARN_BLOCK_CAPTURE_AUTORELEASING = YES;
				CLANG_WARN_BOOL_CONVERSION = YES;
				CLANG_WARN_COMMA = YES;
				CLANG_WARN_CONSTANT_CONVERSION = YES;
				CLANG_WARN_DIRECT_OBJC_ISA_USAGE = YES_ERROR;
				CLANG_WARN_DOCUMENTATION_COMMENTS = YES;
				CLANG_WARN_EMPTY_BODY = YES;
				CLANG_WARN_ENUM_CONVERSION = YES;
				CLANG_WARN_INFINITE_RECURSION = YES;
				CLANG_WARN_INT_CONVERSION = YES;
				CLANG_WARN_NON_LITERAL_NULL_CONVERSION = YES;
				CLANG_WARN_OBJC_LITERAL_CONVERSION = YES;
				CLANG_WARN_OBJC_ROOT_CLASS = YES_ERROR;
				CLANG_WARN_RANGE_LOOP_ANALYSIS = YES;
				CLANG_WARN_STRICT_PROTOTYPES = YES;
				CLANG_WARN_SUSPICIOUS_MOVE = YES;
				CLANG_WARN_UNGUARDED_AVAILABILITY = YES_AGGRESSIVE;
				CLANG_WARN_UNREACHABLE_CODE = YES;
				CLANG_WARN__DUPLICATE_METHOD_MATCH = YES;
				CODE_SIGN_IDENTITY = "iPhone Developer";
				COPY_PHASE_STRIP = NO;
				DEBUG_INFORMATION_FORMAT = dwarf;
				ENABLE_STRICT_OBJC_MSGSEND = YES;
				ENABLE_TESTABILITY = YES;
				GCC_C_LANGUAGE_STANDARD = gnu11;
				GCC_DYNAMIC_NO_PIC = NO;
				GCC_NO_COMMON_BLOCKS = YES;
				GCC_OPTIMIZATION_LEVEL = 0;
				GCC_PREPROCESSOR_DEFINITIONS = (
					"DEBUG=1",
					"$(inherited)",
				);
				GCC_WARN_64_TO_32_BIT_CONVERSION = YES;
				GCC_WARN_ABOUT_RETURN_TYPE = YES_ERROR;
				GCC_WARN_UNDECLARED_SELECTOR = YES;
				GCC_WARN_UNINITIALIZED_AUTOS = YES_AGGRESSIVE;
				GCC_WARN_UNUSED_FUNCTION = YES;
				GCC_WARN_UNUSED_VARIABLE = YES;
				IPHONEOS_DEPLOYMENT_TARGET = 11.2;
				MTL_ENABLE_DEBUG_INFO = YES;
				ONLY_ACTIVE_ARCH = YES;
				SDKROOT = iphoneos;
			};
			name = Debug;
		};
		588BF513202B9141004DCD70 /* Release */ = {
			isa = XCBuildConfiguration;
			buildSettings = {
				ALWAYS_SEARCH_USER_PATHS = NO;
				CLANG_ANALYZER_NONNULL = YES;
				CLANG_ANALYZER_NUMBER_OBJECT_CONVERSION = YES_AGGRESSIVE;
				CLANG_CXX_LANGUAGE_STANDARD = "gnu++14";
				CLANG_CXX_LIBRARY = "libc++";
				CLANG_ENABLE_MODULES = YES;
				CLANG_ENABLE_OBJC_ARC = YES;
				CLANG_WARN_BLOCK_CAPTURE_AUTORELEASING = YES;
				CLANG_WARN_BOOL_CONVERSION = YES;
				CLANG_WARN_COMMA = YES;
				CLANG_WARN_CONSTANT_CONVERSION = YES;
				CLANG_WARN_DIRECT_OBJC_ISA_USAGE = YES_ERROR;
				CLANG_WARN_DOCUMENTATION_COMMENTS = YES;
				CLANG_WARN_EMPTY_BODY = YES;
				CLANG_WARN_ENUM_CONVERSION = YES;
				CLANG_WARN_INFINITE_RECURSION = YES;
				CLANG_WARN_INT_CONVERSION = YES;
				CLANG_WARN_NON_LITERAL_NULL_CONVERSION = YES;
				CLANG_WARN_OBJC_LITERAL_CONVERSION = YES;
				CLANG_WARN_OBJC_ROOT_CLASS = YES_ERROR;
				CLANG_WARN_RANGE_LOOP_ANALYSIS = YES;
				CLANG_WARN_STRICT_PROTOTYPES = YES;
				CLANG_WARN_SUSPICIOUS_MOVE = YES;
				CLANG_WARN_UNGUARDED_AVAILABILITY = YES_AGGRESSIVE;
				CLANG_WARN_UNREACHABLE_CODE = YES;
				CLANG_WARN__DUPLICATE_METHOD_MATCH = YES;
				CODE_SIGN_IDENTITY = "iPhone Developer";
				COPY_PHASE_STRIP = NO;
				DEBUG_INFORMATION_FORMAT = "dwarf-with-dsym";
				ENABLE_NS_ASSERTIONS = NO;
				ENABLE_STRICT_OBJC_MSGSEND = YES;
				GCC_C_LANGUAGE_STANDARD = gnu11;
				GCC_NO_COMMON_BLOCKS = YES;
				GCC_WARN_64_TO_32_BIT_CONVERSION = YES;
				GCC_WARN_ABOUT_RETURN_TYPE = YES_ERROR;
				GCC_WARN_UNDECLARED_SELECTOR = YES;
				GCC_WARN_UNINITIALIZED_AUTOS = YES_AGGRESSIVE;
				GCC_WARN_UNUSED_FUNCTION = YES;
				GCC_WARN_UNUSED_VARIABLE = YES;
				IPHONEOS_DEPLOYMENT_TARGET = 11.2;
				MTL_ENABLE_DEBUG_INFO = NO;
				SDKROOT = iphoneos;
				VALIDATE_PRODUCT = YES;
			};
			name = Release;
		};
		588BF515202B9141004DCD70 /* Debug */ = {
			isa = XCBuildConfiguration;
			baseConfigurationReference = 4FB219ED1DCD6AB6FC4BA606 /* Pods-QuoteGenerator.debug.xcconfig */;
			buildSettings = {
				ASSETCATALOG_COMPILER_APPICON_NAME = AppIcon;
				CODE_SIGN_STYLE = Automatic;
				DEVELOPMENT_TEAM = 573K3JNJS6;
				INFOPLIST_FILE = QuoteGenerator/Info.plist;
				LD_RUNPATH_SEARCH_PATHS = "$(inherited) @executable_path/Frameworks";
				PRODUCT_BUNDLE_IDENTIFIER = ericgregor.QuoteGenerator;
				PRODUCT_NAME = "$(TARGET_NAME)";
				TARGETED_DEVICE_FAMILY = "1,2";
			};
			name = Debug;
		};
		588BF516202B9141004DCD70 /* Release */ = {
			isa = XCBuildConfiguration;
			baseConfigurationReference = 3DF8F1A4C6E6C4CA8C1EA7F4 /* Pods-QuoteGenerator.release.xcconfig */;
			buildSettings = {
				ASSETCATALOG_COMPILER_APPICON_NAME = AppIcon;
				CODE_SIGN_STYLE = Automatic;
				DEVELOPMENT_TEAM = 573K3JNJS6;
				INFOPLIST_FILE = QuoteGenerator/Info.plist;
				LD_RUNPATH_SEARCH_PATHS = "$(inherited) @executable_path/Frameworks";
				PRODUCT_BUNDLE_IDENTIFIER = ericgregor.QuoteGenerator;
				PRODUCT_NAME = "$(TARGET_NAME)";
				TARGETED_DEVICE_FAMILY = "1,2";
			};
			name = Release;
		};
/* End XCBuildConfiguration section */

/* Begin XCConfigurationList section */
		588BF4F9202B9141004DCD70 /* Build configuration list for PBXProject "QuoteGenerator" */ = {
			isa = XCConfigurationList;
			buildConfigurations = (
				588BF512202B9141004DCD70 /* Debug */,
				588BF513202B9141004DCD70 /* Release */,
			);
			defaultConfigurationIsVisible = 0;
			defaultConfigurationName = Release;
		};
		588BF514202B9141004DCD70 /* Build configuration list for PBXNativeTarget "QuoteGenerator" */ = {
			isa = XCConfigurationList;
			buildConfigurations = (
				588BF515202B9141004DCD70 /* Debug */,
				588BF516202B9141004DCD70 /* Release */,
			);
			defaultConfigurationIsVisible = 0;
			defaultConfigurationName = Release;
		};
/* End XCConfigurationList section */
	};
	rootObject = 588BF4F6202B9141004DCD70 /* Project object */;
}
